
Microsoft Visual Studio Solution File, Format Version 12.00
# Visual Studio Version 17
VisualStudioVersion = 17.1.32210.238
MinimumVisualStudioVersion = 10.0.40219.1
Project("{FAE04EC0-301F-11D3-BF4B-00C04F79EFBC}") = "PickupMessages", "PickupMessages.csproj", "{FD3FD8EF-9F7A-4C3C-B6F7-CD2D58345722}"
EndProject
Global
	GlobalSection(SolutionConfigurationPlatforms) = preSolution
		Debug|Any CPU = Debug|Any CPU
		Release|Any CPU = Release|Any CPU
	EndGlobalSection
	GlobalSection(ProjectConfigurationPlatforms) = postSolution
		{FD3FD8EF-9F7A-4C3C-B6F7-CD2D58345722}.Debug|Any CPU.ActiveCfg = Debug|Any CPU
		{FD3FD8EF-9F7A-4C3C-B6F7-CD2D58345722}.Debug|Any CPU.Build.0 = Debug|Any CPU
		{FD3FD8EF-9F7A-4C3C-B6F7-CD2D58345722}.Release|Any CPU.ActiveCfg = Release|Any CPU
		{FD3FD8EF-9F7A-4C3C-B6F7-CD2D58345722}.Release|Any CPU.Build.0 = Release|Any CPU
	EndGlobalSection
	GlobalSection(SolutionProperties) = preSolution
		HideSolutionNode = FALSE
	EndGlobalSection
	GlobalSection(ExtensibilityGlobals) = postSolution
		SolutionGuid = {9510AF09-5453-4590-97C4-C52229A4A2EB}
	EndGlobalSection
EndGlobal
